
Microsoft Visual Studio Solution File, Format Version 12.00
# Visual Studio Version 17
VisualStudioVersion = 17.7.34003.232
MinimumVisualStudioVersion = 10.0.40219.1
Project("{9A19103F-16F7-4668-BE54-9A1E7A4F7556}") = "TimeTaggerClient", "TimeTaggerClient\TimeTaggerClient.csproj", "{4C54305C-B612-4FE7-B1BF-866A53FC63DD}"
EndProject
Project("{9A19103F-16F7-4668-BE54-9A1E7A4F7556}") = "TimeTaggerClient.Tests", "TimeTaggerClient.Tests\TimeTaggerClient.Tests.csproj", "{C8FD6F3F-0C76-4173-9762-3710147CF3C9}"
EndProject
Global
	GlobalSection(SolutionConfigurationPlatforms) = preSolution
		Debug|Any CPU = Debug|Any CPU
		Release|Any CPU = Release|Any CPU
	EndGlobalSection
	GlobalSection(ProjectConfigurationPlatforms) = postSolution
		{4C54305C-B612-4FE7-B1BF-866A53FC63DD}.Debug|Any CPU.ActiveCfg = Debug|Any CPU
		{4C54305C-B612-4FE7-B1BF-866A53FC63DD}.Debug|Any CPU.Build.0 = Debug|Any CPU
		{4C54305C-B612-4FE7-B1BF-866A53FC63DD}.Release|Any CPU.ActiveCfg = Release|Any CPU
		{4C54305C-B612-4FE7-B1BF-866A53FC63DD}.Release|Any CPU.Build.0 = Release|Any CPU
		{C8FD6F3F-0C76-4173-9762-3710147CF3C9}.Debug|Any CPU.ActiveCfg = Debug|Any CPU
		{C8FD6F3F-0C76-4173-9762-3710147CF3C9}.Debug|Any CPU.Build.0 = Debug|Any CPU
		{C8FD6F3F-0C76-4173-9762-3710147CF3C9}.Release|Any CPU.ActiveCfg = Release|Any CPU
		{C8FD6F3F-0C76-4173-9762-3710147CF3C9}.Release|Any CPU.Build.0 = Release|Any CPU
	EndGlobalSection
	GlobalSection(SolutionProperties) = preSolution
		HideSolutionNode = FALSE
	EndGlobalSection
	GlobalSection(ExtensibilityGlobals) = postSolution
		SolutionGuid = {5698ae15-b5cd-4240-a614-579f0cfa91f5}
	EndGlobalSection
EndGlobal
